// !$*UTF8*$!
{
	archiveVersion = 1;
	classes = {
	};
	objectVersion = 46;
	objects = {

/* Begin PBXBuildFile section */
		8645F38A1EA5B8EB0087B25A /* LoaderComponent.swift in Sources */ = {isa = PBXBuildFile; fileRef = 8645F3891EA5B8EB0087B25A /* LoaderComponent.swift */; };
		866EC44C1EA6967B00C12555 /* CacheService.swift in Sources */ = {isa = PBXBuildFile; fileRef = 866EC44B1EA6967B00C12555 /* CacheService.swift */; };
		86E9D3111EA501B400858ED2 /* AppDelegate.swift in Sources */ = {isa = PBXBuildFile; fileRef = 86E9D3101EA501B400858ED2 /* AppDelegate.swift */; };
		86E9D3131EA501B400858ED2 /* ViewController.swift in Sources */ = {isa = PBXBuildFile; fileRef = 86E9D3121EA501B400858ED2 /* ViewController.swift */; };
		86E9D3161EA501B400858ED2 /* Main.storyboard in Resources */ = {isa = PBXBuildFile; fileRef = 86E9D3141EA501B400858ED2 /* Main.storyboard */; };
		86E9D3191EA501B400858ED2 /* flickr_test.xcdatamodeld in Sources */ = {isa = PBXBuildFile; fileRef = 86E9D3171EA501B400858ED2 /* flickr_test.xcdatamodeld */; };
		86E9D31B1EA501B400858ED2 /* Assets.xcassets in Resources */ = {isa = PBXBuildFile; fileRef = 86E9D31A1EA501B400858ED2 /* Assets.xcassets */; };
		86E9D31E1EA501B400858ED2 /* LaunchScreen.storyboard in Resources */ = {isa = PBXBuildFile; fileRef = 86E9D31C1EA501B400858ED2 /* LaunchScreen.storyboard */; };
		86E9D3441EA5053A00858ED2 /* ApiService.swift in Sources */ = {isa = PBXBuildFile; fileRef = 86E9D3431EA5053A00858ED2 /* ApiService.swift */; };
		86E9D3461EA505B400858ED2 /* AppController.swift in Sources */ = {isa = PBXBuildFile; fileRef = 86E9D3451EA505B400858ED2 /* AppController.swift */; };
		86E9D34A1EA5432B00858ED2 /* NavComponent.swift in Sources */ = {isa = PBXBuildFile; fileRef = 86E9D3491EA5432B00858ED2 /* NavComponent.swift */; };
		86E9D34C1EA547B900858ED2 /* CollectionComponent.swift in Sources */ = {isa = PBXBuildFile; fileRef = 86E9D34B1EA547B900858ED2 /* CollectionComponent.swift */; };
		86E9D3501EA5497F00858ED2 /* SingleItemViewComponent.swift in Sources */ = {isa = PBXBuildFile; fileRef = 86E9D34F1EA5497F00858ED2 /* SingleItemViewComponent.swift */; };
		86E9D3541EA56EE500858ED2 /* Extentions.swift in Sources */ = {isa = PBXBuildFile; fileRef = 86E9D3531EA56EE500858ED2 /* Extentions.swift */; };
		B087FF6CEDCF249BBA35AC4E /* Pods_flickr_test.framework in Frameworks */ = {isa = PBXBuildFile; fileRef = 82067A39BD1C2FE1A0C6BF18 /* Pods_flickr_test.framework */; };
/* End PBXBuildFile section */

/* Begin PBXContainerItemProxy section */
		86E9D3251EA501B400858ED2 /* PBXContainerItemProxy */ = {
			isa = PBXContainerItemProxy;
			containerPortal = 86E9D3051EA501B400858ED2 /* Project object */;
			proxyType = 1;
			remoteGlobalIDString = 86E9D30C1EA501B400858ED2;
			remoteInfo = "flickr-test";
		};
		86E9D3301EA501B400858ED2 /* PBXContainerItemProxy */ = {
			isa = PBXContainerItemProxy;
			containerPortal = 86E9D3051EA501B400858ED2 /* Project object */;
			proxyType = 1;
			remoteGlobalIDString = 86E9D30C1EA501B400858ED2;
			remoteInfo = "flickr-test";
		};
/* End PBXContainerItemProxy section */

/* Begin PBXFileReference section */
		6458CD2867BB0749D78E8403 /* Pods-flickr-test.debug.xcconfig */ = {isa = PBXFileReference; includeInIndex = 1; lastKnownFileType = text.xcconfig; name = "Pods-flickr-test.debug.xcconfig"; path = "Pods/Target Support Files/Pods-flickr-test/Pods-flickr-test.debug.xcconfig"; sourceTree = "<group>"; };
		82067A39BD1C2FE1A0C6BF18 /* Pods_flickr_test.framework */ = {isa = PBXFileReference; explicitFileType = wrapper.framework; includeInIndex = 0; path = Pods_flickr_test.framework; sourceTree = BUILT_PRODUCTS_DIR; };
		8645F3841EA57C2D0087B25A /* flickr-test.app */ = {isa = PBXFileReference; explicitFileType = wrapper.application; includeInIndex = 0; path = "flickr-test.app"; sourceTree = BUILT_PRODUCTS_DIR; };
		8645F3851EA57C2D0087B25A /* flickr-testTests.xctest */ = {isa = PBXFileReference; explicitFileType = wrapper.cfbundle; includeInIndex = 0; path = "flickr-testTests.xctest"; sourceTree = BUILT_PRODUCTS_DIR; };
		8645F3861EA57C2D0087B25A /* flickr-testUITests.xctest */ = {isa = PBXFileReference; explicitFileType = wrapper.cfbundle; includeInIndex = 0; path = "flickr-testUITests.xctest"; sourceTree = BUILT_PRODUCTS_DIR; };
		8645F3891EA5B8EB0087B25A /* LoaderComponent.swift */ = {isa = PBXFileReference; fileEncoding = 4; lastKnownFileType = sourcecode.swift; path = LoaderComponent.swift; sourceTree = "<group>"; };
		866EC44B1EA6967B00C12555 /* CacheService.swift */ = {isa = PBXFileReference; fileEncoding = 4; lastKnownFileType = sourcecode.swift; path = CacheService.swift; sourceTree = "<group>"; };
		86E9D3101EA501B400858ED2 /* AppDelegate.swift */ = {isa = PBXFileReference; lastKnownFileType = sourcecode.swift; path = AppDelegate.swift; sourceTree = "<group>"; };
		86E9D3121EA501B400858ED2 /* ViewController.swift */ = {isa = PBXFileReference; lastKnownFileType = sourcecode.swift; path = ViewController.swift; sourceTree = "<group>"; };
		86E9D3151EA501B400858ED2 /* Base */ = {isa = PBXFileReference; lastKnownFileType = file.storyboard; name = Base; path = Base.lproj/Main.storyboard; sourceTree = "<group>"; };
		86E9D3181EA501B400858ED2 /* flickr_test.xcdatamodel */ = {isa = PBXFileReference; lastKnownFileType = wrapper.xcdatamodel; path = flickr_test.xcdatamodel; sourceTree = "<group>"; };
		86E9D31A1EA501B400858ED2 /* Assets.xcassets */ = {isa = PBXFileReference; lastKnownFileType = folder.assetcatalog; path = Assets.xcassets; sourceTree = "<group>"; };
		86E9D31D1EA501B400858ED2 /* Base */ = {isa = PBXFileReference; lastKnownFileType = file.storyboard; name = Base; path = Base.lproj/LaunchScreen.storyboard; sourceTree = "<group>"; };
		86E9D31F1EA501B400858ED2 /* Info.plist */ = {isa = PBXFileReference; lastKnownFileType = text.plist.xml; path = Info.plist; sourceTree = "<group>"; };
		86E9D3431EA5053A00858ED2 /* ApiService.swift */ = {isa = PBXFileReference; fileEncoding = 4; lastKnownFileType = sourcecode.swift; path = ApiService.swift; sourceTree = "<group>"; };
		86E9D3451EA505B400858ED2 /* AppController.swift */ = {isa = PBXFileReference; fileEncoding = 4; lastKnownFileType = sourcecode.swift; path = AppController.swift; sourceTree = "<group>"; };
		86E9D3491EA5432B00858ED2 /* NavComponent.swift */ = {isa = PBXFileReference; fileEncoding = 4; lastKnownFileType = sourcecode.swift; path = NavComponent.swift; sourceTree = "<group>"; };
		86E9D34B1EA547B900858ED2 /* CollectionComponent.swift */ = {isa = PBXFileReference; fileEncoding = 4; lastKnownFileType = sourcecode.swift; path = CollectionComponent.swift; sourceTree = "<group>"; };
		86E9D34F1EA5497F00858ED2 /* SingleItemViewComponent.swift */ = {isa = PBXFileReference; fileEncoding = 4; lastKnownFileType = sourcecode.swift; path = SingleItemViewComponent.swift; sourceTree = "<group>"; };
		86E9D3531EA56EE500858ED2 /* Extentions.swift */ = {isa = PBXFileReference; fileEncoding = 4; lastKnownFileType = sourcecode.swift; path = Extentions.swift; sourceTree = "<group>"; };
		DBD64ADD89E263E9AA36392D /* Pods-flickr-test.release.xcconfig */ = {isa = PBXFileReference; includeInIndex = 1; lastKnownFileType = text.xcconfig; name = "Pods-flickr-test.release.xcconfig"; path = "Pods/Target Support Files/Pods-flickr-test/Pods-flickr-test.release.xcconfig"; sourceTree = "<group>"; };
/* End PBXFileReference section */

/* Begin PBXFrameworksBuildPhase section */
		86E9D30A1EA501B400858ED2 /* Frameworks */ = {
			isa = PBXFrameworksBuildPhase;
			buildActionMask = 2147483647;
			files = (
				B087FF6CEDCF249BBA35AC4E /* Pods_flickr_test.framework in Frameworks */,
			);
			runOnlyForDeploymentPostprocessing = 0;
		};
		86E9D3211EA501B400858ED2 /* Frameworks */ = {
			isa = PBXFrameworksBuildPhase;
			buildActionMask = 2147483647;
			files = (
			);
			runOnlyForDeploymentPostprocessing = 0;
		};
		86E9D32C1EA501B400858ED2 /* Frameworks */ = {
			isa = PBXFrameworksBuildPhase;
			buildActionMask = 2147483647;
			files = (
			);
			runOnlyForDeploymentPostprocessing = 0;
		};
/* End PBXFrameworksBuildPhase section */

/* Begin PBXGroup section */
		2231A9650D43944593DFDDDB /* Frameworks */ = {
			isa = PBXGroup;
			children = (
				82067A39BD1C2FE1A0C6BF18 /* Pods_flickr_test.framework */,
			);
			name = Frameworks;
			sourceTree = "<group>";
		};
		7D03B81EF9C529C93A8BEA54 /* Pods */ = {
			isa = PBXGroup;
			children = (
				6458CD2867BB0749D78E8403 /* Pods-flickr-test.debug.xcconfig */,
				DBD64ADD89E263E9AA36392D /* Pods-flickr-test.release.xcconfig */,
			);
			name = Pods;
			sourceTree = "<group>";
		};
		86E9D3041EA501B400858ED2 = {
			isa = PBXGroup;
			children = (
				86E9D30F1EA501B400858ED2 /* flickr-test */,
				7D03B81EF9C529C93A8BEA54 /* Pods */,
				2231A9650D43944593DFDDDB /* Frameworks */,
				8645F3841EA57C2D0087B25A /* flickr-test.app */,
				8645F3851EA57C2D0087B25A /* flickr-testTests.xctest */,
				8645F3861EA57C2D0087B25A /* flickr-testUITests.xctest */,
			);
			sourceTree = "<group>";
		};
		86E9D30F1EA501B400858ED2 /* flickr-test */ = {
			isa = PBXGroup;
			children = (
				86E9D34E1EA5484300858ED2 /* Services */,
				86E9D34D1EA5483600858ED2 /* Components */,
				86E9D3101EA501B400858ED2 /* AppDelegate.swift */,
				86E9D3451EA505B400858ED2 /* AppController.swift */,
				86E9D3121EA501B400858ED2 /* ViewController.swift */,
				86E9D3531EA56EE500858ED2 /* Extentions.swift */,
				86E9D3141EA501B400858ED2 /* Main.storyboard */,
				86E9D31A1EA501B400858ED2 /* Assets.xcassets */,
				86E9D31C1EA501B400858ED2 /* LaunchScreen.storyboard */,
				86E9D31F1EA501B400858ED2 /* Info.plist */,
				86E9D3171EA501B400858ED2 /* flickr_test.xcdatamodeld */,
			);
			path = "flickr-test";
			sourceTree = "<group>";
		};
		86E9D34D1EA5483600858ED2 /* Components */ = {
			isa = PBXGroup;
			children = (
				86E9D3491EA5432B00858ED2 /* NavComponent.swift */,
				86E9D34F1EA5497F00858ED2 /* SingleItemViewComponent.swift */,
				8645F3891EA5B8EB0087B25A /* LoaderComponent.swift */,
				86E9D34B1EA547B900858ED2 /* CollectionComponent.swift */,
			);
			name = Components;
			sourceTree = "<group>";
		};
		86E9D34E1EA5484300858ED2 /* Services */ = {
			isa = PBXGroup;
			children = (
				86E9D3431EA5053A00858ED2 /* ApiService.swift */,
				866EC44B1EA6967B00C12555 /* CacheService.swift */,
			);
			name = Services;
			sourceTree = "<group>";
		};
/* End PBXGroup section */

/* Begin PBXNativeTarget section */
		86E9D30C1EA501B400858ED2 /* flickr-test */ = {
			isa = PBXNativeTarget;
			buildConfigurationList = 86E9D3381EA501B400858ED2 /* Build configuration list for PBXNativeTarget "flickr-test" */;
			buildPhases = (
				F5F39DFD6E7EE1E0FBA5BB7D /* [CP] Check Pods Manifest.lock */,
				86E9D3091EA501B400858ED2 /* Sources */,
				86E9D30A1EA501B400858ED2 /* Frameworks */,
				86E9D30B1EA501B400858ED2 /* Resources */,
				68400F7F22EEC21E78BAF44E /* [CP] Embed Pods Frameworks */,
				784B886E6DAE0CD5016C255D /* [CP] Copy Pods Resources */,
			);
			buildRules = (
			);
			dependencies = (
			);
			name = "flickr-test";
			productName = "flickr-test";
			productReference = 8645F3841EA57C2D0087B25A /* flickr-test.app */;
			productType = "com.apple.product-type.application";
		};
		86E9D3231EA501B400858ED2 /* flickr-testTests */ = {
			isa = PBXNativeTarget;
			buildConfigurationList = 86E9D33B1EA501B400858ED2 /* Build configuration list for PBXNativeTarget "flickr-testTests" */;
			buildPhases = (
				86E9D3201EA501B400858ED2 /* Sources */,
				86E9D3211EA501B400858ED2 /* Frameworks */,
				86E9D3221EA501B400858ED2 /* Resources */,
			);
			buildRules = (
			);
			dependencies = (
				86E9D3261EA501B400858ED2 /* PBXTargetDependency */,
			);
			name = "flickr-testTests";
			productName = "flickr-testTests";
			productReference = 8645F3851EA57C2D0087B25A /* flickr-testTests.xctest */;
			productType = "com.apple.product-type.bundle.unit-test";
		};
		86E9D32E1EA501B400858ED2 /* flickr-testUITests */ = {
			isa = PBXNativeTarget;
			buildConfigurationList = 86E9D33E1EA501B400858ED2 /* Build configuration list for PBXNativeTarget "flickr-testUITests" */;
			buildPhases = (
				86E9D32B1EA501B400858ED2 /* Sources */,
				86E9D32C1EA501B400858ED2 /* Frameworks */,
				86E9D32D1EA501B400858ED2 /* Resources */,
			);
			buildRules = (
			);
			dependencies = (
				86E9D3311EA501B400858ED2 /* PBXTargetDependency */,
			);
			name = "flickr-testUITests";
			productName = "flickr-testUITests";
			productReference = 8645F3861EA57C2D0087B25A /* flickr-testUITests.xctest */;
			productType = "com.apple.product-type.bundle.ui-testing";
		};
/* End PBXNativeTarget section */

/* Begin PBXProject section */
		86E9D3051EA501B400858ED2 /* Project object */ = {
			isa = PBXProject;
			attributes = {
				LastSwiftUpdateCheck = 0830;
				LastUpgradeCheck = 0830;
				ORGANIZATIONNAME = "Danila Puzikov";
				TargetAttributes = {
					86E9D30C1EA501B400858ED2 = {
						CreatedOnToolsVersion = 8.3.1;
						DevelopmentTeam = AMBX5RX244;
						ProvisioningStyle = Automatic;
					};
					86E9D3231EA501B400858ED2 = {
						CreatedOnToolsVersion = 8.3.1;
						DevelopmentTeam = AMBX5RX244;
						ProvisioningStyle = Automatic;
						TestTargetID = 86E9D30C1EA501B400858ED2;
					};
					86E9D32E1EA501B400858ED2 = {
						CreatedOnToolsVersion = 8.3.1;
						DevelopmentTeam = AMBX5RX244;
						ProvisioningStyle = Automatic;
						TestTargetID = 86E9D30C1EA501B400858ED2;
					};
				};
			};
			buildConfigurationList = 86E9D3081EA501B400858ED2 /* Build configuration list for PBXProject "flickr-test" */;
			compatibilityVersion = "Xcode 3.2";
			developmentRegion = English;
			hasScannedForEncodings = 0;
			knownRegions = (
				en,
				Base,
			);
			mainGroup = 86E9D3041EA501B400858ED2;
			productRefGroup = 86E9D3041EA501B400858ED2;
			projectDirPath = "";
			projectRoot = "";
			targets = (
				86E9D30C1EA501B400858ED2 /* flickr-test */,
				86E9D3231EA501B400858ED2 /* flickr-testTests */,
				86E9D32E1EA501B400858ED2 /* flickr-testUITests */,
			);
		};
/* End PBXProject section */

/* Begin PBXResourcesBuildPhase section */
		86E9D30B1EA501B400858ED2 /* Resources */ = {
			isa = PBXResourcesBuildPhase;
			buildActionMask = 2147483647;
			files = (
				86E9D31E1EA501B400858ED2 /* LaunchScreen.storyboard in Resources */,
				86E9D31B1EA501B400858ED2 /* Assets.xcassets in Resources */,
				86E9D3161EA501B400858ED2 /* Main.storyboard in Resources */,
			);
			runOnlyForDeploymentPostprocessing = 0;
		};
		86E9D3221EA501B400858ED2 /* Resources */ = {
			isa = PBXResourcesBuildPhase;
			buildActionMask = 2147483647;
			files = (
			);
			runOnlyForDeploymentPostprocessing = 0;
		};
		86E9D32D1EA501B400858ED2 /* Resources */ = {
			isa = PBXResourcesBuildPhase;
			buildActionMask = 2147483647;
			files = (
			);
			runOnlyForDeploymentPostprocessing = 0;
		};
/* End PBXResourcesBuildPhase section */

/* Begin PBXShellScriptBuildPhase section */
		68400F7F22EEC21E78BAF44E /* [CP] Embed Pods Frameworks */ = {
			isa = PBXShellScriptBuildPhase;
			buildActionMask = 2147483647;
			files = (
			);
			inputPaths = (
			);
			name = "[CP] Embed Pods Frameworks";
			outputPaths = (
			);
			runOnlyForDeploymentPostprocessing = 0;
			shellPath = /bin/sh;
			shellScript = "\"${SRCROOT}/Pods/Target Support Files/Pods-flickr-test/Pods-flickr-test-frameworks.sh\"\n";
			showEnvVarsInLog = 0;
		};
		784B886E6DAE0CD5016C255D /* [CP] Copy Pods Resources */ = {
			isa = PBXShellScriptBuildPhase;
			buildActionMask = 2147483647;
			files = (
			);
			inputPaths = (
			);
			name = "[CP] Copy Pods Resources";
			outputPaths = (
			);
			runOnlyForDeploymentPostprocessing = 0;
			shellPath = /bin/sh;
			shellScript = "\"${SRCROOT}/Pods/Target Support Files/Pods-flickr-test/Pods-flickr-test-resources.sh\"\n";
			showEnvVarsInLog = 0;
		};
		F5F39DFD6E7EE1E0FBA5BB7D /* [CP] Check Pods Manifest.lock */ = {
			isa = PBXShellScriptBuildPhase;
			buildActionMask = 2147483647;
			files = (
			);
			inputPaths = (
			);
			name = "[CP] Check Pods Manifest.lock";
			outputPaths = (
			);
			runOnlyForDeploymentPostprocessing = 0;
			shellPath = /bin/sh;
			shellScript = "diff \"${PODS_ROOT}/../Podfile.lock\" \"${PODS_ROOT}/Manifest.lock\" > /dev/null\nif [ $? != 0 ] ; then\n    # print error to STDERR\n    echo \"error: The sandbox is not in sync with the Podfile.lock. Run 'pod install' or update your CocoaPods installation.\" >&2\n    exit 1\nfi\n";
			showEnvVarsInLog = 0;
		};
/* End PBXShellScriptBuildPhase section */

/* Begin PBXSourcesBuildPhase section */
		86E9D3091EA501B400858ED2 /* Sources */ = {
			isa = PBXSourcesBuildPhase;
			buildActionMask = 2147483647;
			files = (
				86E9D3131EA501B400858ED2 /* ViewController.swift in Sources */,
				86E9D34C1EA547B900858ED2 /* CollectionComponent.swift in Sources */,
				86E9D3461EA505B400858ED2 /* AppController.swift in Sources */,
				86E9D3441EA5053A00858ED2 /* ApiService.swift in Sources */,
				86E9D34A1EA5432B00858ED2 /* NavComponent.swift in Sources */,
				86E9D3191EA501B400858ED2 /* flickr_test.xcdatamodeld in Sources */,
				8645F38A1EA5B8EB0087B25A /* LoaderComponent.swift in Sources */,
				86E9D3111EA501B400858ED2 /* AppDelegate.swift in Sources */,
				86E9D3501EA5497F00858ED2 /* SingleItemViewComponent.swift in Sources */,
				86E9D3541EA56EE500858ED2 /* Extentions.swift in Sources */,
				866EC44C1EA6967B00C12555 /* CacheService.swift in Sources */,
			);
			runOnlyForDeploymentPostprocessing = 0;
		};
		86E9D3201EA501B400858ED2 /* Sources */ = {
			isa = PBXSourcesBuildPhase;
			buildActionMask = 2147483647;
			files = (
			);
			runOnlyForDeploymentPostprocessing = 0;
		};
		86E9D32B1EA501B400858ED2 /* Sources */ = {
			isa = PBXSourcesBuildPhase;
			buildActionMask = 2147483647;
			files = (
			);
			runOnlyForDeploymentPostprocessing = 0;
		};
/* End PBXSourcesBuildPhase section */

/* Begin PBXTargetDependency section */
		86E9D3261EA501B400858ED2 /* PBXTargetDependency */ = {
			isa = PBXTargetDependency;
			target = 86E9D30C1EA501B400858ED2 /* flickr-test */;
			targetProxy = 86E9D3251EA501B400858ED2 /* PBXContainerItemProxy */;
		};
		86E9D3311EA501B400858ED2 /* PBXTargetDependency */ = {
			isa = PBXTargetDependency;
			target = 86E9D30C1EA501B400858ED2 /* flickr-test */;
			targetProxy = 86E9D3301EA501B400858ED2 /* PBXContainerItemProxy */;
		};
/* End PBXTargetDependency section */

/* Begin PBXVariantGroup section */
		86E9D3141EA501B400858ED2 /* Main.storyboard */ = {
			isa = PBXVariantGroup;
			children = (
				86E9D3151EA501B400858ED2 /* Base */,
			);
			name = Main.storyboard;
			sourceTree = "<group>";
		};
		86E9D31C1EA501B400858ED2 /* LaunchScreen.storyboard */ = {
			isa = PBXVariantGroup;
			children = (
				86E9D31D1EA501B400858ED2 /* Base */,
			);
			name = LaunchScreen.storyboard;
			sourceTree = "<group>";
		};
/* End PBXVariantGroup section */

/* Begin XCBuildConfiguration section */
		86E9D3361EA501B400858ED2 /* Debug */ = {
			isa = XCBuildConfiguration;
			buildSettings = {
				ALWAYS_SEARCH_USER_PATHS = NO;
				CLANG_ANALYZER_NONNULL = YES;
				CLANG_ANALYZER_NUMBER_OBJECT_CONVERSION = YES_AGGRESSIVE;
				CLANG_CXX_LANGUAGE_STANDARD = "gnu++0x";
				CLANG_CXX_LIBRARY = "libc++";
				CLANG_ENABLE_MODULES = YES;
				CLANG_ENABLE_OBJC_ARC = YES;
				CLANG_WARN_BOOL_CONVERSION = YES;
				CLANG_WARN_CONSTANT_CONVERSION = YES;
				CLANG_WARN_DIRECT_OBJC_ISA_USAGE = YES_ERROR;
				CLANG_WARN_DOCUMENTATION_COMMENTS = YES;
				CLANG_WARN_EMPTY_BODY = YES;
				CLANG_WARN_ENUM_CONVERSION = YES;
				CLANG_WARN_INFINITE_RECURSION = YES;
				CLANG_WARN_INT_CONVERSION = YES;
				CLANG_WARN_OBJC_ROOT_CLASS = YES_ERROR;
				CLANG_WARN_SUSPICIOUS_MOVE = YES;
				CLANG_WARN_UNREACHABLE_CODE = YES;
				CLANG_WARN__DUPLICATE_METHOD_MATCH = YES;
				"CODE_SIGN_IDENTITY[sdk=iphoneos*]" = "iPhone Developer";
				COPY_PHASE_STRIP = NO;
				DEBUG_INFORMATION_FORMAT = dwarf;
				ENABLE_STRICT_OBJC_MSGSEND = YES;
				ENABLE_TESTABILITY = YES;
				GCC_C_LANGUAGE_STANDARD = gnu99;
				GCC_DYNAMIC_NO_PIC = NO;
				GCC_NO_COMMON_BLOCKS = YES;
				GCC_OPTIMIZATION_LEVEL = 0;
				GCC_PREPROCESSOR_DEFINITIONS = (
					"DEBUG=1",
					"$(inherited)",
				);
				GCC_WARN_64_TO_32_BIT_CONVERSION = YES;
				GCC_WARN_ABOUT_RETURN_TYPE = YES_ERROR;
				GCC_WARN_UNDECLARED_SELECTOR = YES;
				GCC_WARN_UNINITIALIZED_AUTOS = YES_AGGRESSIVE;
				GCC_WARN_UNUSED_FUNCTION = YES;
				GCC_WARN_UNUSED_VARIABLE = YES;
				IPHONEOS_DEPLOYMENT_TARGET = 10.3;
				MTL_ENABLE_DEBUG_INFO = YES;
				ONLY_ACTIVE_ARCH = YES;
				SDKROOT = iphoneos;
				SWIFT_ACTIVE_COMPILATION_CONDITIONS = DEBUG;
				SWIFT_OPTIMIZATION_LEVEL = "-Onone";
				TARGETED_DEVICE_FAMILY = "1,2";
			};
			name = Debug;
		};
		86E9D3371EA501B400858ED2 /* Release */ = {
			isa = XCBuildConfiguration;
			buildSettings = {
				ALWAYS_SEARCH_USER_PATHS = NO;
				CLANG_ANALYZER_NONNULL = YES;
				CLANG_ANALYZER_NUMBER_OBJECT_CONVERSION = YES_AGGRESSIVE;
				CLANG_CXX_LANGUAGE_STANDARD = "gnu++0x";
				CLANG_CXX_LIBRARY = "libc++";
				CLANG_ENABLE_MODULES = YES;
				CLANG_ENABLE_OBJC_ARC = YES;
				CLANG_WARN_BOOL_CONVERSION = YES;
				CLANG_WARN_CONSTANT_CONVERSION = YES;
				CLANG_WARN_DIRECT_OBJC_ISA_USAGE = YES_ERROR;
				CLANG_WARN_DOCUMENTATION_COMMENTS = YES;
				CLANG_WARN_EMPTY_BODY = YES;
				CLANG_WARN_ENUM_CONVERSION = YES;
				CLANG_WARN_INFINITE_RECURSION = YES;
				CLANG_WARN_INT_CONVERSION = YES;
				CLANG_WARN_OBJC_ROOT_CLASS = YES_ERROR;
				CLANG_WARN_SUSPICIOUS_MOVE = YES;
				CLANG_WARN_UNREACHABLE_CODE = YES;
				CLANG_WARN__DUPLICATE_METHOD_MATCH = YES;
				"CODE_SIGN_IDENTITY[sdk=iphoneos*]" = "iPhone Developer";
				COPY_PHASE_STRIP = NO;
				DEBUG_INFORMATION_FORMAT = "dwarf-with-dsym";
				ENABLE_NS_ASSERTIONS = NO;
				ENABLE_STRICT_OBJC_MSGSEND = YES;
				GCC_C_LANGUAGE_STANDARD = gnu99;
				GCC_NO_COMMON_BLOCKS = YES;
				GCC_WARN_64_TO_32_BIT_CONVERSION = YES;
				GCC_WARN_ABOUT_RETURN_TYPE = YES_ERROR;
				GCC_WARN_UNDECLARED_SELECTOR = YES;
				GCC_WARN_UNINITIALIZED_AUTOS = YES_AGGRESSIVE;
				GCC_WARN_UNUSED_FUNCTION = YES;
				GCC_WARN_UNUSED_VARIABLE = YES;
				IPHONEOS_DEPLOYMENT_TARGET = 10.3;
				MTL_ENABLE_DEBUG_INFO = NO;
				SDKROOT = iphoneos;
				SWIFT_OPTIMIZATION_LEVEL = "-Owholemodule";
				TARGETED_DEVICE_FAMILY = "1,2";
				VALIDATE_PRODUCT = YES;
			};
			name = Release;
		};
		86E9D3391EA501B400858ED2 /* Debug */ = {
			isa = XCBuildConfiguration;
			baseConfigurationReference = 6458CD2867BB0749D78E8403 /* Pods-flickr-test.debug.xcconfig */;
			buildSettings = {
				ASSETCATALOG_COMPILER_APPICON_NAME = AppIcon;
				DEVELOPMENT_TEAM = AMBX5RX244;
				INFOPLIST_FILE = "flickr-test/Info.plist";
				IPHONEOS_DEPLOYMENT_TARGET = 9.1;
				LD_RUNPATH_SEARCH_PATHS = "$(inherited) @executable_path/Frameworks";
				PRODUCT_BUNDLE_IDENTIFIER = "dp.flickr-test";
				PRODUCT_NAME = "$(TARGET_NAME)";
				SWIFT_VERSION = 3.0;
			};
			name = Debug;
		};
		86E9D33A1EA501B400858ED2 /* Release */ = {
			isa = XCBuildConfiguration;
			baseConfigurationReference = DBD64ADD89E263E9AA36392D /* Pods-flickr-test.release.xcconfig */;
			buildSettings = {
				ASSETCATALOG_COMPILER_APPICON_NAME = AppIcon;
				DEVELOPMENT_TEAM = AMBX5RX244;
				INFOPLIST_FILE = "flickr-test/Info.plist";
				IPHONEOS_DEPLOYMENT_TARGET = 9.1;
				LD_RUNPATH_SEARCH_PATHS = "$(inherited) @executable_path/Frameworks";
				PRODUCT_BUNDLE_IDENTIFIER = "dp.flickr-test";
				PRODUCT_NAME = "$(TARGET_NAME)";
				SWIFT_VERSION = 3.0;
			};
			name = Release;
		};
		86E9D33C1EA501B400858ED2 /* Debug */ = {
			isa = XCBuildConfiguration;
			buildSettings = {
				ALWAYS_EMBED_SWIFT_STANDARD_LIBRARIES = YES;
				BUNDLE_LOADER = "$(TEST_HOST)";
				DEVELOPMENT_TEAM = AMBX5RX244;
				INFOPLIST_FILE = "flickr-testTests/Info.plist";
				LD_RUNPATH_SEARCH_PATHS = "$(inherited) @executable_path/Frameworks @loader_path/Frameworks";
				PRODUCT_BUNDLE_IDENTIFIER = "dp.flickr-testTests";
				PRODUCT_NAME = "$(TARGET_NAME)";
				SWIFT_VERSION = 3.0;
				TEST_HOST = "$(BUILT_PRODUCTS_DIR)/flickr-test.app/flickr-test";
			};
			name = Debug;
		};
		86E9D33D1EA501B400858ED2 /* Release */ = {
			isa = XCBuildConfiguration;
			buildSettings = {
				ALWAYS_EMBED_SWIFT_STANDARD_LIBRARIES = YES;
				BUNDLE_LOADER = "$(TEST_HOST)";
				DEVELOPMENT_TEAM = AMBX5RX244;
				INFOPLIST_FILE = "flickr-testTests/Info.plist";
				LD_RUNPATH_SEARCH_PATHS = "$(inherited) @executable_path/Frameworks @loader_path/Frameworks";
				PRODUCT_BUNDLE_IDENTIFIER = "dp.flickr-testTests";
				PRODUCT_NAME = "$(TARGET_NAME)";
				SWIFT_VERSION = 3.0;
				TEST_HOST = "$(BUILT_PRODUCTS_DIR)/flickr-test.app/flickr-test";
			};
			name = Release;
		};
		86E9D33F1EA501B400858ED2 /* Debug */ = {
			isa = XCBuildConfiguration;
			buildSettings = {
				ALWAYS_EMBED_SWIFT_STANDARD_LIBRARIES = YES;
				DEVELOPMENT_TEAM = AMBX5RX244;
				INFOPLIST_FILE = "flickr-testUITests/Info.plist";
				LD_RUNPATH_SEARCH_PATHS = "$(inherited) @executable_path/Frameworks @loader_path/Frameworks";
				PRODUCT_BUNDLE_IDENTIFIER = "dp.flickr-testUITests";
				PRODUCT_NAME = "$(TARGET_NAME)";
				SWIFT_VERSION = 3.0;
				TEST_TARGET_NAME = "flickr-test";
			};
			name = Debug;
		};
		86E9D3401EA501B400858ED2 /* Release */ = {
			isa = XCBuildConfiguration;
			buildSettings = {
				ALWAYS_EMBED_SWIFT_STANDARD_LIBRARIES = YES;
				DEVELOPMENT_TEAM = AMBX5RX244;
				INFOPLIST_FILE = "flickr-testUITests/Info.plist";
				LD_RUNPATH_SEARCH_PATHS = "$(inherited) @executable_path/Frameworks @loader_path/Frameworks";
				PRODUCT_BUNDLE_IDENTIFIER = "dp.flickr-testUITests";
				PRODUCT_NAME = "$(TARGET_NAME)";
				SWIFT_VERSION = 3.0;
				TEST_TARGET_NAME = "flickr-test";
			};
			name = Release;
		};
/* End XCBuildConfiguration section */

/* Begin XCConfigurationList section */
		86E9D3081EA501B400858ED2 /* Build configuration list for PBXProject "flickr-test" */ = {
			isa = XCConfigurationList;
			buildConfigurations = (
				86E9D3361EA501B400858ED2 /* Debug */,
				86E9D3371EA501B400858ED2 /* Release */,
			);
			defaultConfigurationIsVisible = 0;
			defaultConfigurationName = Release;
		};
		86E9D3381EA501B400858ED2 /* Build configuration list for PBXNativeTarget "flickr-test" */ = {
			isa = XCConfigurationList;
			buildConfigurations = (
				86E9D3391EA501B400858ED2 /* Debug */,
				86E9D33A1EA501B400858ED2 /* Release */,
			);
			defaultConfigurationIsVisible = 0;
			defaultConfigurationName = Release;
		};
		86E9D33B1EA501B400858ED2 /* Build configuration list for PBXNativeTarget "flickr-testTests" */ = {
			isa = XCConfigurationList;
			buildConfigurations = (
				86E9D33C1EA501B400858ED2 /* Debug */,
				86E9D33D1EA501B400858ED2 /* Release */,
			);
			defaultConfigurationIsVisible = 0;
			defaultConfigurationName = Release;
		};
		86E9D33E1EA501B400858ED2 /* Build configuration list for PBXNativeTarget "flickr-testUITests" */ = {
			isa = XCConfigurationList;
			buildConfigurations = (
				86E9D33F1EA501B400858ED2 /* Debug */,
				86E9D3401EA501B400858ED2 /* Release */,
			);
			defaultConfigurationIsVisible = 0;
			defaultConfigurationName = Release;
		};
/* End XCConfigurationList section */

/* Begin XCVersionGroup section */
		86E9D3171EA501B400858ED2 /* flickr_test.xcdatamodeld */ = {
			isa = XCVersionGroup;
			children = (
				86E9D3181EA501B400858ED2 /* flickr_test.xcdatamodel */,
			);
			currentVersion = 86E9D3181EA501B400858ED2 /* flickr_test.xcdatamodel */;
			path = flickr_test.xcdatamodeld;
			sourceTree = "<group>";
			versionGroupType = wrapper.xcdatamodel;
		};
/* End XCVersionGroup section */
	};
	rootObject = 86E9D3051EA501B400858ED2 /* Project object */;
}
